
Microsoft Visual Studio Solution File, Format Version 12.00
# Visual Studio Version 17
VisualStudioVersion = 17.4.33403.182
MinimumVisualStudioVersion = 10.0.40219.1
Project("{8BC9CEB8-8B4A-11D0-8D11-00A0C91BC942}") = "GameCore", "src\GameCore.vcxproj", "{775792F2-86E0-4296-BDC5-6AA5C2D5E0DE}"
EndProject
Project("{8BC9CEB8-8B4A-11D0-8D11-00A0C91BC942}") = "GameTests", "test\GameTests.vcxproj", "{5A200625-1864-41CC-B644-0942C56B794C}"
EndProject
Project("{8BC9CEB8-8B4A-11D0-8D11-00A0C91BC942}") = "GameGUI", "GameGUI\GameGUI.vcxproj", "{E3FC2CF6-6601-46E0-8A79-ADFECDB96A19}"
EndProject
Project("{8BC9CEB8-8B4A-11D0-8D11-00A0C91BC942}") = "GameCoreLib", "build\GameCoreLib\GameCoreLib.vcxproj", "{1D23E27F-B338-3BE7-81AD-225EFB92EF0B}"
EndProject
Global
	GlobalSection(SolutionConfigurationPlatforms) = preSolution
		Debug|x64 = Debug|x64
		Debug|x86 = Debug|x86
		MinSizeRel|x64 = MinSizeRel|x64
		MinSizeRel|x86 = MinSizeRel|x86
		Release|x64 = Release|x64
		Release|x86 = Release|x86
		RelWithDebInfo|x64 = RelWithDebInfo|x64
		RelWithDebInfo|x86 = RelWithDebInfo|x86
	EndGlobalSection
	GlobalSection(ProjectConfigurationPlatforms) = postSolution
		{775792F2-86E0-4296-BDC5-6AA5C2D5E0DE}.Debug|x64.ActiveCfg = Debug|x64
		{775792F2-86E0-4296-BDC5-6AA5C2D5E0DE}.Debug|x64.Build.0 = Debug|x64
		{775792F2-86E0-4296-BDC5-6AA5C2D5E0DE}.Debug|x86.ActiveCfg = Debug|Win32
		{775792F2-86E0-4296-BDC5-6AA5C2D5E0DE}.Debug|x86.Build.0 = Debug|Win32
		{775792F2-86E0-4296-BDC5-6AA5C2D5E0DE}.MinSizeRel|x64.ActiveCfg = Release|x64
		{775792F2-86E0-4296-BDC5-6AA5C2D5E0DE}.MinSizeRel|x64.Build.0 = Release|x64
		{775792F2-86E0-4296-BDC5-6AA5C2D5E0DE}.MinSizeRel|x86.ActiveCfg = Release|Win32
		{775792F2-86E0-4296-BDC5-6AA5C2D5E0DE}.MinSizeRel|x86.Build.0 = Release|Win32
		{775792F2-86E0-4296-BDC5-6AA5C2D5E0DE}.Release|x64.ActiveCfg = Release|x64
		{775792F2-86E0-4296-BDC5-6AA5C2D5E0DE}.Release|x64.Build.0 = Release|x64
		{775792F2-86E0-4296-BDC5-6AA5C2D5E0DE}.Release|x86.ActiveCfg = Release|Win32
		{775792F2-86E0-4296-BDC5-6AA5C2D5E0DE}.Release|x86.Build.0 = Release|Win32
		{775792F2-86E0-4296-BDC5-6AA5C2D5E0DE}.RelWithDebInfo|x64.ActiveCfg = Release|x64
		{775792F2-86E0-4296-BDC5-6AA5C2D5E0DE}.RelWithDebInfo|x64.Build.0 = Release|x64
		{775792F2-86E0-4296-BDC5-6AA5C2D5E0DE}.RelWithDebInfo|x86.ActiveCfg = Release|Win32
		{775792F2-86E0-4296-BDC5-6AA5C2D5E0DE}.RelWithDebInfo|x86.Build.0 = Release|Win32
		{5A200625-1864-41CC-B644-0942C56B794C}.Debug|x64.ActiveCfg = Debug|x64
		{5A200625-1864-41CC-B644-0942C56B794C}.Debug|x64.Build.0 = Debug|x64
		{5A200625-1864-41CC-B644-0942C56B794C}.Debug|x86.ActiveCfg = Debug|Win32
		{5A200625-1864-41CC-B644-0942C56B794C}.Debug|x86.Build.0 = Debug|Win32
		{5A200625-1864-41CC-B644-0942C56B794C}.MinSizeRel|x64.ActiveCfg = Release|x64
		{5A200625-1864-41CC-B644-0942C56B794C}.MinSizeRel|x64.Build.0 = Release|x64
		{5A200625-1864-41CC-B644-0942C56B794C}.MinSizeRel|x86.ActiveCfg = Release|Win32
		{5A200625-1864-41CC-B644-0942C56B794C}.MinSizeRel|x86.Build.0 = Release|Win32
		{5A200625-1864-41CC-B644-0942C56B794C}.Release|x64.ActiveCfg = Release|x64
		{5A200625-1864-41CC-B644-0942C56B794C}.Release|x64.Build.0 = Release|x64
		{5A200625-1864-41CC-B644-0942C56B794C}.Release|x86.ActiveCfg = Release|Win32
		{5A200625-1864-41CC-B644-0942C56B794C}.Release|x86.Build.0 = Release|Win32
		{5A200625-1864-41CC-B644-0942C56B794C}.RelWithDebInfo|x64.ActiveCfg = Release|x64
		{5A200625-1864-41CC-B644-0942C56B794C}.RelWithDebInfo|x64.Build.0 = Release|x64
		{5A200625-1864-41CC-B644-0942C56B794C}.RelWithDebInfo|x86.ActiveCfg = Release|Win32
		{5A200625-1864-41CC-B644-0942C56B794C}.RelWithDebInfo|x86.Build.0 = Release|Win32
		{E3FC2CF6-6601-46E0-8A79-ADFECDB96A19}.Debug|x64.ActiveCfg = Debug|x64
		{E3FC2CF6-6601-46E0-8A79-ADFECDB96A19}.Debug|x64.Build.0 = Debug|x64
		{E3FC2CF6-6601-46E0-8A79-ADFECDB96A19}.Debug|x86.ActiveCfg = Debug|x64
		{E3FC2CF6-6601-46E0-8A79-ADFECDB96A19}.Debug|x86.Build.0 = Debug|x64
		{E3FC2CF6-6601-46E0-8A79-ADFECDB96A19}.MinSizeRel|x64.ActiveCfg = Release|x64
		{E3FC2CF6-6601-46E0-8A79-ADFECDB96A19}.MinSizeRel|x64.Build.0 = Release|x64
		{E3FC2CF6-6601-46E0-8A79-ADFECDB96A19}.MinSizeRel|x86.ActiveCfg = Release|x64
		{E3FC2CF6-6601-46E0-8A79-ADFECDB96A19}.MinSizeRel|x86.Build.0 = Release|x64
		{E3FC2CF6-6601-46E0-8A79-ADFECDB96A19}.Release|x64.ActiveCfg = Release|x64
		{E3FC2CF6-6601-46E0-8A79-ADFECDB96A19}.Release|x64.Build.0 = Release|x64
		{E3FC2CF6-6601-46E0-8A79-ADFECDB96A19}.Release|x86.ActiveCfg = Release|x64
		{E3FC2CF6-6601-46E0-8A79-ADFECDB96A19}.Release|x86.Build.0 = Release|x64
		{E3FC2CF6-6601-46E0-8A79-ADFECDB96A19}.RelWithDebInfo|x64.ActiveCfg = Release|x64
		{E3FC2CF6-6601-46E0-8A79-ADFECDB96A19}.RelWithDebInfo|x64.Build.0 = Release|x64
		{E3FC2CF6-6601-46E0-8A79-ADFECDB96A19}.RelWithDebInfo|x86.ActiveCfg = Release|x64
		{E3FC2CF6-6601-46E0-8A79-ADFECDB96A19}.RelWithDebInfo|x86.Build.0 = Release|x64
		{1D23E27F-B338-3BE7-81AD-225EFB92EF0B}.Debug|x64.ActiveCfg = Debug|x64
		{1D23E27F-B338-3BE7-81AD-225EFB92EF0B}.Debug|x64.Build.0 = Debug|x64
		{1D23E27F-B338-3BE7-81AD-225EFB92EF0B}.Debug|x86.ActiveCfg = Debug|x64
		{1D23E27F-B338-3BE7-81AD-225EFB92EF0B}.Debug|x86.Build.0 = Debug|x64
		{1D23E27F-B338-3BE7-81AD-225EFB92EF0B}.MinSizeRel|x64.ActiveCfg = MinSizeRel|x64
		{1D23E27F-B338-3BE7-81AD-225EFB92EF0B}.MinSizeRel|x64.Build.0 = MinSizeRel|x64
		{1D23E27F-B338-3BE7-81AD-225EFB92EF0B}.MinSizeRel|x86.ActiveCfg = MinSizeRel|x64
		{1D23E27F-B338-3BE7-81AD-225EFB92EF0B}.MinSizeRel|x86.Build.0 = MinSizeRel|x64
		{1D23E27F-B338-3BE7-81AD-225EFB92EF0B}.Release|x64.ActiveCfg = Release|x64
		{1D23E27F-B338-3BE7-81AD-225EFB92EF0B}.Release|x64.Build.0 = Release|x64
		{1D23E27F-B338-3BE7-81AD-225EFB92EF0B}.Release|x86.ActiveCfg = Release|x64
		{1D23E27F-B338-3BE7-81AD-225EFB92EF0B}.Release|x86.Build.0 = Release|x64
		{1D23E27F-B338-3BE7-81AD-225EFB92EF0B}.RelWithDebInfo|x64.ActiveCfg = RelWithDebInfo|x64
		{1D23E27F-B338-3BE7-81AD-225EFB92EF0B}.RelWithDebInfo|x64.Build.0 = RelWithDebInfo|x64
		{1D23E27F-B338-3BE7-81AD-225EFB92EF0B}.RelWithDebInfo|x86.ActiveCfg = RelWithDebInfo|x64
		{1D23E27F-B338-3BE7-81AD-225EFB92EF0B}.RelWithDebInfo|x86.Build.0 = RelWithDebInfo|x64
	EndGlobalSection
	GlobalSection(SolutionProperties) = preSolution
		HideSolutionNode = FALSE
	EndGlobalSection
	GlobalSection(ExtensibilityGlobals) = postSolution
		SolutionGuid = {A341683D-98F4-44D2-81DC-E133D6AE9289}
	EndGlobalSection
EndGlobal
